
Microsoft Visual Studio Solution File, Format Version 12.00
# Visual Studio 14
VisualStudioVersion = 14.0.25420.1
MinimumVisualStudioVersion = 10.0.40219.1
Project("{FAE04EC0-301F-11D3-BF4B-00C04F79EFBC}") = "TaskManagerInMvc5", "TaskManagerInMvc5\TaskManagerInMvc5.csproj", "{B24B34B4-00C3-46D0-A7B4-427994D315B5}"
EndProject
Project("{2150E333-8FDC-42A3-9474-1A3956D46DE8}") = "1.0应用程序", "1.0应用程序", "{0D458868-1135-42F9-90F4-8A0727510628}"
EndProject
Project("{2150E333-8FDC-42A3-9474-1A3956D46DE8}") = "2.0应用服务", "2.0应用服务", "{F5F46885-C2CD-4943-B96E-3CB97105E3A4}"
EndProject
Project("{2150E333-8FDC-42A3-9474-1A3956D46DE8}") = "3.0应用类库", "3.0应用类库", "{6DE0DABB-D9ED-487E-A35A-0677281FB983}"
EndProject
Project("{FAE04EC0-301F-11D3-BF4B-00C04F79EFBC}") = "Domain", "Domain\Domain.csproj", "{FA8A15C0-1C56-45A0-9377-2CBB8D9FADD0}"
EndProject
Project("{FAE04EC0-301F-11D3-BF4B-00C04F79EFBC}") = "Service", "Service\Service.csproj", "{20706503-60D8-4DE9-8A5C-05519A10E335}"
EndProject
Project("{FAE04EC0-301F-11D3-BF4B-00C04F79EFBC}") = "Common", "Common\Common.csproj", "{9F62564D-FD9A-464F-94C0-20BEFA72B79A}"
EndProject
Global
	GlobalSection(SolutionConfigurationPlatforms) = preSolution
		Debug|Any CPU = Debug|Any CPU
		Release|Any CPU = Release|Any CPU
	EndGlobalSection
	GlobalSection(ProjectConfigurationPlatforms) = postSolution
		{B24B34B4-00C3-46D0-A7B4-427994D315B5}.Debug|Any CPU.ActiveCfg = Debug|Any CPU
		{B24B34B4-00C3-46D0-A7B4-427994D315B5}.Debug|Any CPU.Build.0 = Debug|Any CPU
		{B24B34B4-00C3-46D0-A7B4-427994D315B5}.Release|Any CPU.ActiveCfg = Release|Any CPU
		{B24B34B4-00C3-46D0-A7B4-427994D315B5}.Release|Any CPU.Build.0 = Release|Any CPU
		{FA8A15C0-1C56-45A0-9377-2CBB8D9FADD0}.Debug|Any CPU.ActiveCfg = Debug|Any CPU
		{FA8A15C0-1C56-45A0-9377-2CBB8D9FADD0}.Debug|Any CPU.Build.0 = Debug|Any CPU
		{FA8A15C0-1C56-45A0-9377-2CBB8D9FADD0}.Release|Any CPU.ActiveCfg = Release|Any CPU
		{FA8A15C0-1C56-45A0-9377-2CBB8D9FADD0}.Release|Any CPU.Build.0 = Release|Any CPU
		{20706503-60D8-4DE9-8A5C-05519A10E335}.Debug|Any CPU.ActiveCfg = Debug|Any CPU
		{20706503-60D8-4DE9-8A5C-05519A10E335}.Debug|Any CPU.Build.0 = Debug|Any CPU
		{20706503-60D8-4DE9-8A5C-05519A10E335}.Release|Any CPU.ActiveCfg = Release|Any CPU
		{20706503-60D8-4DE9-8A5C-05519A10E335}.Release|Any CPU.Build.0 = Release|Any CPU
		{9F62564D-FD9A-464F-94C0-20BEFA72B79A}.Debug|Any CPU.ActiveCfg = Debug|Any CPU
		{9F62564D-FD9A-464F-94C0-20BEFA72B79A}.Debug|Any CPU.Build.0 = Debug|Any CPU
		{9F62564D-FD9A-464F-94C0-20BEFA72B79A}.Release|Any CPU.ActiveCfg = Release|Any CPU
		{9F62564D-FD9A-464F-94C0-20BEFA72B79A}.Release|Any CPU.Build.0 = Release|Any CPU
	EndGlobalSection
	GlobalSection(SolutionProperties) = preSolution
		HideSolutionNode = FALSE
	EndGlobalSection
	GlobalSection(NestedProjects) = preSolution
		{B24B34B4-00C3-46D0-A7B4-427994D315B5} = {0D458868-1135-42F9-90F4-8A0727510628}
		{FA8A15C0-1C56-45A0-9377-2CBB8D9FADD0} = {F5F46885-C2CD-4943-B96E-3CB97105E3A4}
		{20706503-60D8-4DE9-8A5C-05519A10E335} = {F5F46885-C2CD-4943-B96E-3CB97105E3A4}
		{9F62564D-FD9A-464F-94C0-20BEFA72B79A} = {6DE0DABB-D9ED-487E-A35A-0677281FB983}
	EndGlobalSection
EndGlobal
